
Microsoft Visual Studio Solution File, Format Version 12.00
# Visual Studio 15
VisualStudioVersion = 15.0.27703.2035
MinimumVisualStudioVersion = 10.0.40219.1
Project("{FAE04EC0-301F-11D3-BF4B-00C04F79EFBC}") = "DrawStar", "DrawStar\DrawStar.csproj", "{AEC6CE95-9275-4D43-91FD-6BD98D734DBE}"
EndProject
Global
	GlobalSection(SolutionConfigurationPlatforms) = preSolution
		Debug|Any CPU = Debug|Any CPU
		Release|Any CPU = Release|Any CPU
	EndGlobalSection
	GlobalSection(ProjectConfigurationPlatforms) = postSolution
		{AEC6CE95-9275-4D43-91FD-6BD98D734DBE}.Debug|Any CPU.ActiveCfg = Debug|Any CPU
		{AEC6CE95-9275-4D43-91FD-6BD98D734DBE}.Debug|Any CPU.Build.0 = Debug|Any CPU
		{AEC6CE95-9275-4D43-91FD-6BD98D734DBE}.Release|Any CPU.ActiveCfg = Release|Any CPU
		{AEC6CE95-9275-4D43-91FD-6BD98D734DBE}.Release|Any CPU.Build.0 = Release|Any CPU
	EndGlobalSection
	GlobalSection(SolutionProperties) = preSolution
		HideSolutionNode = FALSE
	EndGlobalSection
	GlobalSection(ExtensibilityGlobals) = postSolution
		SolutionGuid = {49FD7284-1E74-4A46-817B-70198D0ED38F}
	EndGlobalSection
EndGlobal
